
Microsoft Visual Studio Solution File, Format Version 12.00
# Visual Studio Version 16
VisualStudioVersion = 16.0.30114.105
MinimumVisualStudioVersion = 10.0.40219.1
Project("{F2A71F9B-5D33-465A-A702-920D77279786}") = "InnovationFS", "InnovationFS\InnovationFS.fsproj", "{CFFCC1D0-4E95-4E14-8E4D-9A40E2A73D92}"
EndProject
Project("{F2A71F9B-5D33-465A-A702-920D77279786}") = "InnovationFS.iOS", "InnovationFS.iOS\InnovationFS.iOS.fsproj", "{26C73D6F-743C-4BFF-8811-96719A537C7D}"
EndProject
Project("{F2A71F9B-5D33-465A-A702-920D77279786}") = "InnovationFS.Android", "InnovationFS.Android\InnovationFS.Android.fsproj", "{257D088D-5CA6-42B2-8BC7-D40B5332EB0E}"
EndProject
Global
    GlobalSection(SolutionConfigurationPlatforms) = preSolution
        Debug|Any CPU = Debug|Any CPU
        Release|Any CPU = Release|Any CPU
        Debug|iPhoneSimulator = Debug|iPhoneSimulator
        Release|iPhoneSimulator = Release|iPhoneSimulator
        Debug|iPhone = Debug|iPhone
        Release|iPhone = Release|iPhone
        Ad-Hoc|iPhone = Ad-Hoc|iPhone
        AppStore|iPhone = AppStore|iPhone
    EndGlobalSection
    GlobalSection(SolutionProperties) = preSolution
        HideSolutionNode = FALSE
    EndGlobalSection
    GlobalSection(ProjectConfigurationPlatforms) = postSolution
        {CFFCC1D0-4E95-4E14-8E4D-9A40E2A73D92}.Debug|Any CPU.ActiveCfg = Debug|Any CPU
        {CFFCC1D0-4E95-4E14-8E4D-9A40E2A73D92}.Debug|Any CPU.Build.0 = Debug|Any CPU
        {CFFCC1D0-4E95-4E14-8E4D-9A40E2A73D92}.Release|Any CPU.ActiveCfg = Release|Any CPU
        {CFFCC1D0-4E95-4E14-8E4D-9A40E2A73D92}.Release|Any CPU.Build.0 = Release|Any CPU
        {CFFCC1D0-4E95-4E14-8E4D-9A40E2A73D92}.Debug|iPhoneSimulator.ActiveCfg = Debug|Any CPU
        {CFFCC1D0-4E95-4E14-8E4D-9A40E2A73D92}.Debug|iPhoneSimulator.Build.0 = Debug|Any CPU
        {CFFCC1D0-4E95-4E14-8E4D-9A40E2A73D92}.Ad-Hoc|iPhone.ActiveCfg = Release|Any CPU
        {CFFCC1D0-4E95-4E14-8E4D-9A40E2A73D92}.Ad-Hoc|iPhone.Build.0 = Release|Any CPU
        {CFFCC1D0-4E95-4E14-8E4D-9A40E2A73D92}.AppStore|iPhone.ActiveCfg = Release|Any CPU
        {CFFCC1D0-4E95-4E14-8E4D-9A40E2A73D92}.AppStore|iPhone.Build.0 = Release|Any CPU
        {CFFCC1D0-4E95-4E14-8E4D-9A40E2A73D92}.Debug|iPhone.ActiveCfg = Debug|Any CPU
        {CFFCC1D0-4E95-4E14-8E4D-9A40E2A73D92}.Debug|iPhone.Build.0 = Debug|Any CPU
        {CFFCC1D0-4E95-4E14-8E4D-9A40E2A73D92}.Release|iPhone.ActiveCfg = Release|Any CPU
        {CFFCC1D0-4E95-4E14-8E4D-9A40E2A73D92}.Release|iPhone.Build.0 = Release|Any CPU
        {CFFCC1D0-4E95-4E14-8E4D-9A40E2A73D92}.Release|iPhoneSimulator.ActiveCfg = Release|Any CPU
        {CFFCC1D0-4E95-4E14-8E4D-9A40E2A73D92}.Release|iPhoneSimulator.Build.0 = Release|Any CPU
        {26C73D6F-743C-4BFF-8811-96719A537C7D}.Debug|Any CPU.ActiveCfg = Debug|iPhoneSimulator
        {26C73D6F-743C-4BFF-8811-96719A537C7D}.Debug|Any CPU.Build.0 = Debug|iPhoneSimulator
        {26C73D6F-743C-4BFF-8811-96719A537C7D}.Release|Any CPU.ActiveCfg = Release|iPhoneSimulator
        {26C73D6F-743C-4BFF-8811-96719A537C7D}.Release|Any CPU.Build.0 = Release|iPhoneSimulator
        {26C73D6F-743C-4BFF-8811-96719A537C7D}.Debug|iPhoneSimulator.ActiveCfg = Debug|iPhoneSimulator
        {26C73D6F-743C-4BFF-8811-96719A537C7D}.Debug|iPhoneSimulator.Build.0 = Debug|iPhoneSimulator
        {26C73D6F-743C-4BFF-8811-96719A537C7D}.Release|iPhoneSimulator.ActiveCfg = Release|iPhoneSimulator
        {26C73D6F-743C-4BFF-8811-96719A537C7D}.Release|iPhoneSimulator.Build.0 = Release|iPhoneSimulator
        {26C73D6F-743C-4BFF-8811-96719A537C7D}.Debug|iPhone.ActiveCfg = Debug|iPhone
        {26C73D6F-743C-4BFF-8811-96719A537C7D}.Debug|iPhone.Build.0 = Debug|iPhone
        {26C73D6F-743C-4BFF-8811-96719A537C7D}.Release|iPhone.ActiveCfg = Release|iPhone
        {26C73D6F-743C-4BFF-8811-96719A537C7D}.Release|iPhone.Build.0 = Release|iPhone
        {26C73D6F-743C-4BFF-8811-96719A537C7D}.Ad-Hoc|iPhone.ActiveCfg = Ad-Hoc|iPhone
        {26C73D6F-743C-4BFF-8811-96719A537C7D}.Ad-Hoc|iPhone.Build.0 = Ad-Hoc|iPhone
        {26C73D6F-743C-4BFF-8811-96719A537C7D}.AppStore|iPhone.ActiveCfg = AppStore|iPhone
        {26C73D6F-743C-4BFF-8811-96719A537C7D}.AppStore|iPhone.Build.0 = AppStore|iPhone
        {26C73D6F-743C-4BFF-8811-96719A537C7D}.Debug|iPhoneSimulator.Deploy.0 = Debug|iPhoneSimulator
        {26C73D6F-743C-4BFF-8811-96719A537C7D}.Debug|Any CPU.Deploy.0 = Debug|iPhoneSimulator
        {26C73D6F-743C-4BFF-8811-96719A537C7D}.Debug|iPhone.Deploy.0 = Debug|iPhone
        {26C73D6F-743C-4BFF-8811-96719A537C7D}.Release|Any CPU.Deploy.0 = Release|iPhoneSimulator
        {26C73D6F-743C-4BFF-8811-96719A537C7D}.Release|iPhone.Deploy.0 = Release|iPhone
        {26C73D6F-743C-4BFF-8811-96719A537C7D}.Release|iPhoneSimulator.Deploy.0 = Release|iPhoneSimulator
        {257D088D-5CA6-42B2-8BC7-D40B5332EB0E}.Debug|Any CPU.ActiveCfg = Debug|Any CPU
        {257D088D-5CA6-42B2-8BC7-D40B5332EB0E}.Debug|Any CPU.Build.0 = Debug|Any CPU
        {257D088D-5CA6-42B2-8BC7-D40B5332EB0E}.Release|Any CPU.ActiveCfg = Release|Any CPU
        {257D088D-5CA6-42B2-8BC7-D40B5332EB0E}.Release|Any CPU.Build.0 = Release|Any CPU
        {257D088D-5CA6-42B2-8BC7-D40B5332EB0E}.Debug|iPhoneSimulator.ActiveCfg = Debug|Any CPU
        {257D088D-5CA6-42B2-8BC7-D40B5332EB0E}.Debug|iPhoneSimulator.Build.0 = Debug|Any CPU
        {257D088D-5CA6-42B2-8BC7-D40B5332EB0E}.Release|iPhoneSimulator.ActiveCfg = Release|Any CPU
        {257D088D-5CA6-42B2-8BC7-D40B5332EB0E}.Release|iPhoneSimulator.Build.0 = Release|Any CPU
        {257D088D-5CA6-42B2-8BC7-D40B5332EB0E}.Debug|iPhone.ActiveCfg = Debug|Any CPU
        {257D088D-5CA6-42B2-8BC7-D40B5332EB0E}.Debug|iPhone.Build.0 = Debug|Any CPU
        {257D088D-5CA6-42B2-8BC7-D40B5332EB0E}.Release|iPhone.ActiveCfg = Release|Any CPU
        {257D088D-5CA6-42B2-8BC7-D40B5332EB0E}.Release|iPhone.Build.0 = Release|Any CPU
        {257D088D-5CA6-42B2-8BC7-D40B5332EB0E}.Ad-Hoc|iPhone.ActiveCfg = Release|Any CPU
        {257D088D-5CA6-42B2-8BC7-D40B5332EB0E}.Ad-Hoc|iPhone.Build.0 = Release|Any CPU
        {257D088D-5CA6-42B2-8BC7-D40B5332EB0E}.AppStore|iPhone.ActiveCfg = Release|Any CPU
        {257D088D-5CA6-42B2-8BC7-D40B5332EB0E}.AppStore|iPhone.Build.0 = Release|Any CPU
        {257D088D-5CA6-42B2-8BC7-D40B5332EB0E}.Debug|iPhoneSimulator.Deploy.0 = Debug|Any CPU
        {257D088D-5CA6-42B2-8BC7-D40B5332EB0E}.Debug|Any CPU.Deploy.0 = Debug|Any CPU
        {257D088D-5CA6-42B2-8BC7-D40B5332EB0E}.Debug|iPhone.Deploy.0 = Debug|Any CPU
        {257D088D-5CA6-42B2-8BC7-D40B5332EB0E}.Release|Any CPU.Deploy.0 = Release|Any CPU
        {257D088D-5CA6-42B2-8BC7-D40B5332EB0E}.Release|iPhone.Deploy.0 = Release|Any CPU
        {257D088D-5CA6-42B2-8BC7-D40B5332EB0E}.Release|iPhoneSimulator.Deploy.0 = Release|Any CPU
    EndGlobalSection
EndGlobal
